Microsoft Visual Studio Solution File, Format Version 12.00
# Visual Studio Version 17
VisualStudioVersion = 17.5.2.0
MinimumVisualStudioVersion = 10.0.40219.1
Project("{FAE04EC0-301F-11D3-BF4B-00C04F79EFBC}") = "MotoLogPrototyp", "MotoLogPrototyp.csproj", "{1E06DF54-26CA-1D59-DDA0-602CE2837777}"
EndProject
Global
	GlobalSection(SolutionConfigurationPlatforms) = preSolution
		Debug|Any CPU = Debug|Any CPU
		Release|Any CPU = Release|Any CPU
	EndGlobalSection
	GlobalSection(ProjectConfigurationPlatforms) = postSolution
		{1E06DF54-26CA-1D59-DDA0-602CE2837777}.Debug|Any CPU.ActiveCfg = Debug|Any CPU
		{1E06DF54-26CA-1D59-DDA0-602CE2837777}.Debug|Any CPU.Build.0 = Debug|Any CPU
		{1E06DF54-26CA-1D59-DDA0-602CE2837777}.Release|Any CPU.ActiveCfg = Release|Any CPU
		{1E06DF54-26CA-1D59-DDA0-602CE2837777}.Release|Any CPU.Build.0 = Release|Any CPU
	EndGlobalSection
	GlobalSection(SolutionProperties) = preSolution
		HideSolutionNode = FALSE
	EndGlobalSection
	GlobalSection(ExtensibilityGlobals) = postSolution
		SolutionGuid = {A83329C5-8069-4287-859A-DB028DBAB845}
	EndGlobalSection
EndGlobal
